// !$*UTF8*$!
{
	archiveVersion = 1;
	classes = {
	};
	objectVersion = 50;
	objects = {

/* Begin PBXBuildFile section */
		9F45CD6F235C294100CE24F4 /* AppDelegate.swift in Sources */ = {isa = PBXBuildFile; fileRef = 9F45CD6E235C294100CE24F4 /* AppDelegate.swift */; };
		9F45CD71235C294100CE24F4 /* SceneDelegate.swift in Sources */ = {isa = PBXBuildFile; fileRef = 9F45CD70235C294100CE24F4 /* SceneDelegate.swift */; };
		9F45CD73235C294100CE24F4 /* ViewController.swift in Sources */ = {isa = PBXBuildFile; fileRef = 9F45CD72235C294100CE24F4 /* ViewController.swift */; };
		9F45CD76235C294100CE24F4 /* Main.storyboard in Resources */ = {isa = PBXBuildFile; fileRef = 9F45CD74235C294100CE24F4 /* Main.storyboard */; };
		9F45CD78235C294400CE24F4 /* Assets.xcassets in Resources */ = {isa = PBXBuildFile; fileRef = 9F45CD77235C294400CE24F4 /* Assets.xcassets */; };
		9F45CD7B235C294400CE24F4 /* LaunchScreen.storyboard in Resources */ = {isa = PBXBuildFile; fileRef = 9F45CD79235C294400CE24F4 /* LaunchScreen.storyboard */; };
		9F45CD86235C294400CE24F4 /* BLEWatchAppTests.swift in Sources */ = {isa = PBXBuildFile; fileRef = 9F45CD85235C294400CE24F4 /* BLEWatchAppTests.swift */; };
		9F45CD8B235C294400CE24F4 /* BLEWatchApp WatchKit App.app in Embed Watch Content */ = {isa = PBXBuildFile; fileRef = 9F45CD8A235C294400CE24F4 /* BLEWatchApp WatchKit App.app */; settings = {ATTRIBUTES = (RemoveHeadersOnCopy, ); }; };
		9F45CD91235C294400CE24F4 /* Interface.storyboard in Resources */ = {isa = PBXBuildFile; fileRef = 9F45CD8F235C294400CE24F4 /* Interface.storyboard */; };
		9F45CD93235C294500CE24F4 /* Assets.xcassets in Resources */ = {isa = PBXBuildFile; fileRef = 9F45CD92235C294500CE24F4 /* Assets.xcassets */; };
		9F45CD9A235C294500CE24F4 /* BLEWatchApp WatchKit Extension.appex in Embed App Extensions */ = {isa = PBXBuildFile; fileRef = 9F45CD99235C294500CE24F4 /* BLEWatchApp WatchKit Extension.appex */; settings = {ATTRIBUTES = (RemoveHeadersOnCopy, ); }; };
		9F45CD9F235C294500CE24F4 /* InterfaceController.swift in Sources */ = {isa = PBXBuildFile; fileRef = 9F45CD9E235C294500CE24F4 /* InterfaceController.swift */; };
		9F45CDA1235C294500CE24F4 /* ExtensionDelegate.swift in Sources */ = {isa = PBXBuildFile; fileRef = 9F45CDA0235C294500CE24F4 /* ExtensionDelegate.swift */; };
		9F45CDA3235C294500CE24F4 /* NotificationController.swift in Sources */ = {isa = PBXBuildFile; fileRef = 9F45CDA2235C294500CE24F4 /* NotificationController.swift */; };
		9F45CDA5235C294700CE24F4 /* Assets.xcassets in Resources */ = {isa = PBXBuildFile; fileRef = 9F45CDA4235C294700CE24F4 /* Assets.xcassets */; };
/* End PBXBuildFile section */

/* Begin PBXContainerItemProxy section */
		9F45CD82235C294400CE24F4 /* PBXContainerItemProxy */ = {
			isa = PBXContainerItemProxy;
			containerPortal = 9F45CD63235C294100CE24F4 /* Project object */;
			proxyType = 1;
			remoteGlobalIDString = 9F45CD6A235C294100CE24F4;
			remoteInfo = BLEWatchApp;
		};
		9F45CD8C235C294400CE24F4 /* PBXContainerItemProxy */ = {
			isa = PBXContainerItemProxy;
			containerPortal = 9F45CD63235C294100CE24F4 /* Project object */;
			proxyType = 1;
			remoteGlobalIDString = 9F45CD89235C294400CE24F4;
			remoteInfo = "BLEWatchApp WatchKit App";
		};
		9F45CD9B235C294500CE24F4 /* PBXContainerItemProxy */ = {
			isa = PBXContainerItemProxy;
			containerPortal = 9F45CD63235C294100CE24F4 /* Project object */;
			proxyType = 1;
			remoteGlobalIDString = 9F45CD98235C294500CE24F4;
			remoteInfo = "BLEWatchApp WatchKit Extension";
		};
/* End PBXContainerItemProxy section */

/* Begin PBXCopyFilesBuildPhase section */
		9F45CDAD235C294700CE24F4 /* Embed App Extensions */ = {
			isa = PBXCopyFilesBuildPhase;
			buildActionMask = 2147483647;
			dstPath = "";
			dstSubfolderSpec = 13;
			files = (
				9F45CD9A235C294500CE24F4 /* BLEWatchApp WatchKit Extension.appex in Embed App Extensions */,
			);
			name = "Embed App Extensions";
			runOnlyForDeploymentPostprocessing = 0;
		};
		9F45CDB1235C294700CE24F4 /* Embed Watch Content */ = {
			isa = PBXCopyFilesBuildPhase;
			buildActionMask = 2147483647;
			dstPath = "$(CONTENTS_FOLDER_PATH)/Watch";
			dstSubfolderSpec = 16;
			files = (
				9F45CD8B235C294400CE24F4 /* BLEWatchApp WatchKit App.app in Embed Watch Content */,
			);
			name = "Embed Watch Content";
			runOnlyForDeploymentPostprocessing = 0;
		};
/* End PBXCopyFilesBuildPhase section */

/* Begin PBXFileReference section */
		9F45CD6B235C294100CE24F4 /* BLEWatchApp.app */ = {isa = PBXFileReference; explicitFileType = wrapper.application; includeInIndex = 0; path = BLEWatchApp.app; sourceTree = BUILT_PRODUCTS_DIR; };
		9F45CD6E235C294100CE24F4 /* AppDelegate.swift */ = {isa = PBXFileReference; lastKnownFileType = sourcecode.swift; path = AppDelegate.swift; sourceTree = "<group>"; };
		9F45CD70235C294100CE24F4 /* SceneDelegate.swift */ = {isa = PBXFileReference; lastKnownFileType = sourcecode.swift; path = SceneDelegate.swift; sourceTree = "<group>"; };
		9F45CD72235C294100CE24F4 /* ViewController.swift */ = {isa = PBXFileReference; lastKnownFileType = sourcecode.swift; path = ViewController.swift; sourceTree = "<group>"; };
		9F45CD75235C294100CE24F4 /* Base */ = {isa = PBXFileReference; lastKnownFileType = file.storyboard; name = Base; path = Base.lproj/Main.storyboard; sourceTree = "<group>"; };
		9F45CD77235C294400CE24F4 /* Assets.xcassets */ = {isa = PBXFileReference; lastKnownFileType = folder.assetcatalog; path = Assets.xcassets; sourceTree = "<group>"; };
		9F45CD7A235C294400CE24F4 /* Base */ = {isa = PBXFileReference; lastKnownFileType = file.storyboard; name = Base; path = Base.lproj/LaunchScreen.storyboard; sourceTree = "<group>"; };
		9F45CD7C235C294400CE24F4 /* Info.plist */ = {isa = PBXFileReference; lastKnownFileType = text.plist.xml; path = Info.plist; sourceTree = "<group>"; };
		9F45CD81235C294400CE24F4 /* BLEWatchAppTests.xctest */ = {isa = PBXFileReference; explicitFileType = wrapper.cfbundle; includeInIndex = 0; path = BLEWatchAppTests.xctest; sourceTree = BUILT_PRODUCTS_DIR; };
		9F45CD85235C294400CE24F4 /* BLEWatchAppTests.swift */ = {isa = PBXFileReference; lastKnownFileType = sourcecode.swift; path = BLEWatchAppTests.swift; sourceTree = "<group>"; };
		9F45CD87235C294400CE24F4 /* Info.plist */ = {isa = PBXFileReference; lastKnownFileType = text.plist.xml; path = Info.plist; sourceTree = "<group>"; };
		9F45CD8A235C294400CE24F4 /* BLEWatchApp WatchKit App.app */ = {isa = PBXFileReference; explicitFileType = wrapper.application; includeInIndex = 0; path = "BLEWatchApp WatchKit App.app"; sourceTree = BUILT_PRODUCTS_DIR; };
		9F45CD90235C294400CE24F4 /* Base */ = {isa = PBXFileReference; lastKnownFileType = file.storyboard; name = Base; path = Base.lproj/Interface.storyboard; sourceTree = "<group>"; };
		9F45CD92235C294500CE24F4 /* Assets.xcassets */ = {isa = PBXFileReference; lastKnownFileType = folder.assetcatalog; path = Assets.xcassets; sourceTree = "<group>"; };
		9F45CD94235C294500CE24F4 /* Info.plist */ = {isa = PBXFileReference; lastKnownFileType = text.plist.xml; path = Info.plist; sourceTree = "<group>"; };
		9F45CD99235C294500CE24F4 /* BLEWatchApp WatchKit Extension.appex */ = {isa = PBXFileReference; explicitFileType = "wrapper.app-extension"; includeInIndex = 0; path = "BLEWatchApp WatchKit Extension.appex"; sourceTree = BUILT_PRODUCTS_DIR; };
		9F45CD9E235C294500CE24F4 /* InterfaceController.swift */ = {isa = PBXFileReference; lastKnownFileType = sourcecode.swift; path = InterfaceController.swift; sourceTree = "<group>"; };
		9F45CDA0235C294500CE24F4 /* ExtensionDelegate.swift */ = {isa = PBXFileReference; lastKnownFileType = sourcecode.swift; path = ExtensionDelegate.swift; sourceTree = "<group>"; };
		9F45CDA2235C294500CE24F4 /* NotificationController.swift */ = {isa = PBXFileReference; lastKnownFileType = sourcecode.swift; path = NotificationController.swift; sourceTree = "<group>"; };
		9F45CDA4235C294700CE24F4 /* Assets.xcassets */ = {isa = PBXFileReference; lastKnownFileType = folder.assetcatalog; path = Assets.xcassets; sourceTree = "<group>"; };
		9F45CDA6235C294700CE24F4 /* Info.plist */ = {isa = PBXFileReference; lastKnownFileType = text.plist.xml; path = Info.plist; sourceTree = "<group>"; };
		9F45CDA7235C294700CE24F4 /* PushNotificationPayload.apns */ = {isa = PBXFileReference; lastKnownFileType = text; path = PushNotificationPayload.apns; sourceTree = "<group>"; };
/* End PBXFileReference section */

/* Begin PBXFrameworksBuildPhase section */
		9F45CD68235C294100CE24F4 /* Frameworks */ = {
			isa = PBXFrameworksBuildPhase;
			buildActionMask = 2147483647;
			files = (
			);
			runOnlyForDeploymentPostprocessing = 0;
		};
		9F45CD7E235C294400CE24F4 /* Frameworks */ = {
			isa = PBXFrameworksBuildPhase;
			buildActionMask = 2147483647;
			files = (
			);
			runOnlyForDeploymentPostprocessing = 0;
		};
		9F45CD96235C294500CE24F4 /* Frameworks */ = {
			isa = PBXFrameworksBuildPhase;
			buildActionMask = 2147483647;
			files = (
			);
			runOnlyForDeploymentPostprocessing = 0;
		};
/* End PBXFrameworksBuildPhase section */

/* Begin PBXGroup section */
		9F45CD62235C294100CE24F4 = {
			isa = PBXGroup;
			children = (
				9F45CD6D235C294100CE24F4 /* BLEWatchApp */,
				9F45CD84235C294400CE24F4 /* BLEWatchAppTests */,
				9F45CD8E235C294400CE24F4 /* BLEWatchApp WatchKit App */,
				9F45CD9D235C294500CE24F4 /* BLEWatchApp WatchKit Extension */,
				9F45CD6C235C294100CE24F4 /* Products */,
			);
			sourceTree = "<group>";
		};
		9F45CD6C235C294100CE24F4 /* Products */ = {
			isa = PBXGroup;
			children = (
				9F45CD6B235C294100CE24F4 /* BLEWatchApp.app */,
				9F45CD81235C294400CE24F4 /* BLEWatchAppTests.xctest */,
				9F45CD8A235C294400CE24F4 /* BLEWatchApp WatchKit App.app */,
				9F45CD99235C294500CE24F4 /* BLEWatchApp WatchKit Extension.appex */,
			);
			name = Products;
			sourceTree = "<group>";
		};
		9F45CD6D235C294100CE24F4 /* BLEWatchApp */ = {
			isa = PBXGroup;
			children = (
				9F45CD6E235C294100CE24F4 /* AppDelegate.swift */,
				9F45CD70235C294100CE24F4 /* SceneDelegate.swift */,
				9F45CD72235C294100CE24F4 /* ViewController.swift */,
				9F45CD74235C294100CE24F4 /* Main.storyboard */,
				9F45CD77235C294400CE24F4 /* Assets.xcassets */,
				9F45CD79235C294400CE24F4 /* LaunchScreen.storyboard */,
				9F45CD7C235C294400CE24F4 /* Info.plist */,
			);
			path = BLEWatchApp;
			sourceTree = "<group>";
		};
		9F45CD84235C294400CE24F4 /* BLEWatchAppTests */ = {
			isa = PBXGroup;
			children = (
				9F45CD85235C294400CE24F4 /* BLEWatchAppTests.swift */,
				9F45CD87235C294400CE24F4 /* Info.plist */,
			);
			path = BLEWatchAppTests;
			sourceTree = "<group>";
		};
		9F45CD8E235C294400CE24F4 /* BLEWatchApp WatchKit App */ = {
			isa = PBXGroup;
			children = (
				9F45CD8F235C294400CE24F4 /* Interface.storyboard */,
				9F45CD92235C294500CE24F4 /* Assets.xcassets */,
				9F45CD94235C294500CE24F4 /* Info.plist */,
			);
			path = "BLEWatchApp WatchKit App";
			sourceTree = "<group>";
		};
		9F45CD9D235C294500CE24F4 /* BLEWatchApp WatchKit Extension */ = {
			isa = PBXGroup;
			children = (
				9F45CD9E235C294500CE24F4 /* InterfaceController.swift */,
				9F45CDA0235C294500CE24F4 /* ExtensionDelegate.swift */,
				9F45CDA2235C294500CE24F4 /* NotificationController.swift */,
				9F45CDA4235C294700CE24F4 /* Assets.xcassets */,
				9F45CDA6235C294700CE24F4 /* Info.plist */,
				9F45CDA7235C294700CE24F4 /* PushNotificationPayload.apns */,
			);
			path = "BLEWatchApp WatchKit Extension";
			sourceTree = "<group>";
		};
/* End PBXGroup section */

/* Begin PBXNativeTarget section */
		9F45CD6A235C294100CE24F4 /* BLEWatchApp */ = {
			isa = PBXNativeTarget;
			buildConfigurationList = 9F45CDB2235C294700CE24F4 /* Build configuration list for PBXNativeTarget "BLEWatchApp" */;
			buildPhases = (
				9F45CD67235C294100CE24F4 /* Sources */,
				9F45CD68235C294100CE24F4 /* Frameworks */,
				9F45CD69235C294100CE24F4 /* Resources */,
				9F45CDB1235C294700CE24F4 /* Embed Watch Content */,
			);
			buildRules = (
			);
			dependencies = (
				9F45CD8D235C294400CE24F4 /* PBXTargetDependency */,
			);
			name = BLEWatchApp;
			productName = BLEWatchApp;
			productReference = 9F45CD6B235C294100CE24F4 /* BLEWatchApp.app */;
			productType = "com.apple.product-type.application";
		};
		9F45CD80235C294400CE24F4 /* BLEWatchAppTests */ = {
			isa = PBXNativeTarget;
			buildConfigurationList = 9F45CDB5235C294700CE24F4 /* Build configuration list for PBXNativeTarget "BLEWatchAppTests" */;
			buildPhases = (
				9F45CD7D235C294400CE24F4 /* Sources */,
				9F45CD7E235C294400CE24F4 /* Frameworks */,
				9F45CD7F235C294400CE24F4 /* Resources */,
			);
			buildRules = (
			);
			dependencies = (
				9F45CD83235C294400CE24F4 /* PBXTargetDependency */,
			);
			name = BLEWatchAppTests;
			productName = BLEWatchAppTests;
			productReference = 9F45CD81235C294400CE24F4 /* BLEWatchAppTests.xctest */;
			productType = "com.apple.product-type.bundle.unit-test";
		};
		9F45CD89235C294400CE24F4 /* BLEWatchApp WatchKit App */ = {
			isa = PBXNativeTarget;
			buildConfigurationList = 9F45CDAE235C294700CE24F4 /* Build configuration list for PBXNativeTarget "BLEWatchApp WatchKit App" */;
			buildPhases = (
				9F45CD88235C294400CE24F4 /* Resources */,
				9F45CDAD235C294700CE24F4 /* Embed App Extensions */,
			);
			buildRules = (
			);
			dependencies = (
				9F45CD9C235C294500CE24F4 /* PBXTargetDependency */,
			);
			name = "BLEWatchApp WatchKit App";
			productName = "BLEWatchApp WatchKit App";
			productReference = 9F45CD8A235C294400CE24F4 /* BLEWatchApp WatchKit App.app */;
			productType = "com.apple.product-type.application.watchapp2";
		};
		9F45CD98235C294500CE24F4 /* BLEWatchApp WatchKit Extension */ = {
			isa = PBXNativeTarget;
			buildConfigurationList = 9F45CDAA235C294700CE24F4 /* Build configuration list for PBXNativeTarget "BLEWatchApp WatchKit Extension" */;
			buildPhases = (
				9F45CD95235C294500CE24F4 /* Sources */,
				9F45CD96235C294500CE24F4 /* Frameworks */,
				9F45CD97235C294500CE24F4 /* Resources */,
			);
			buildRules = (
			);
			dependencies = (
			);
			name = "BLEWatchApp WatchKit Extension";
			productName = "BLEWatchApp WatchKit Extension";
			productReference = 9F45CD99235C294500CE24F4 /* BLEWatchApp WatchKit Extension.appex */;
			productType = "com.apple.product-type.watchkit2-extension";
		};
/* End PBXNativeTarget section */

/* Begin PBXProject section */
		9F45CD63235C294100CE24F4 /* Project object */ = {
			isa = PBXProject;
			attributes = {
				LastSwiftUpdateCheck = 1100;
				LastUpgradeCheck = 1100;
				ORGANIZATIONNAME = "Raj Maurya";
				TargetAttributes = {
					9F45CD6A235C294100CE24F4 = {
						CreatedOnToolsVersion = 11.0;
					};
					9F45CD80235C294400CE24F4 = {
						CreatedOnToolsVersion = 11.0;
						TestTargetID = 9F45CD6A235C294100CE24F4;
					};
					9F45CD89235C294400CE24F4 = {
						CreatedOnToolsVersion = 11.0;
					};
					9F45CD98235C294500CE24F4 = {
						CreatedOnToolsVersion = 11.0;
					};
				};
			};
			buildConfigurationList = 9F45CD66235C294100CE24F4 /* Build configuration list for PBXProject "BLEWatchApp" */;
			compatibilityVersion = "Xcode 9.3";
			developmentRegion = en;
			hasScannedForEncodings = 0;
			knownRegions = (
				en,
				Base,
			);
			mainGroup = 9F45CD62235C294100CE24F4;
			productRefGroup = 9F45CD6C235C294100CE24F4 /* Products */;
			projectDirPath = "";
			projectRoot = "";
			targets = (
				9F45CD6A235C294100CE24F4 /* BLEWatchApp */,
				9F45CD80235C294400CE24F4 /* BLEWatchAppTests */,
				9F45CD89235C294400CE24F4 /* BLEWatchApp WatchKit App */,
				9F45CD98235C294500CE24F4 /* BLEWatchApp WatchKit Extension */,
			);
		};
/* End PBXProject section */

/* Begin PBXResourcesBuildPhase section */
		9F45CD69235C294100CE24F4 /* Resources */ = {
			isa = PBXResourcesBuildPhase;
			buildActionMask = 2147483647;
			files = (
				9F45CD7B235C294400CE24F4 /* LaunchScreen.storyboard in Resources */,
				9F45CD78235C294400CE24F4 /* Assets.xcassets in Resources */,
				9F45CD76235C294100CE24F4 /* Main.storyboard in Resources */,
			);
			runOnlyForDeploymentPostprocessing = 0;
		};
		9F45CD7F235C294400CE24F4 /* Resources */ = {
			isa = PBXResourcesBuildPhase;
			buildActionMask = 2147483647;
			files = (
			);
			runOnlyForDeploymentPostprocessing = 0;
		};
		9F45CD88235C294400CE24F4 /* Resources */ = {
			isa = PBXResourcesBuildPhase;
			buildActionMask = 2147483647;
			files = (
				9F45CD93235C294500CE24F4 /* Assets.xcassets in Resources */,
				9F45CD91235C294400CE24F4 /* Interface.storyboard in Resources */,
			);
			runOnlyForDeploymentPostprocessing = 0;
		};
		9F45CD97235C294500CE24F4 /* Resources */ = {
			isa = PBXResourcesBuildPhase;
			buildActionMask = 2147483647;
			files = (
				9F45CDA5235C294700CE24F4 /* Assets.xcassets in Resources */,
			);
			runOnlyForDeploymentPostprocessing = 0;
		};
/* End PBXResourcesBuildPhase section */

/* Begin PBXSourcesBuildPhase section */
		9F45CD67235C294100CE24F4 /* Sources */ = {
			isa = PBXSourcesBuildPhase;
			buildActionMask = 2147483647;
			files = (
				9F45CD73235C294100CE24F4 /* ViewController.swift in Sources */,
				9F45CD6F235C294100CE24F4 /* AppDelegate.swift in Sources */,
				9F45CD71235C294100CE24F4 /* SceneDelegate.swift in Sources */,
			);
			runOnlyForDeploymentPostprocessing = 0;
		};
		9F45CD7D235C294400CE24F4 /* Sources */ = {
			isa = PBXSourcesBuildPhase;
			buildActionMask = 2147483647;
			files = (
				9F45CD86235C294400CE24F4 /* BLEWatchAppTests.swift in Sources */,
			);
			runOnlyForDeploymentPostprocessing = 0;
		};
		9F45CD95235C294500CE24F4 /* Sources */ = {
			isa = PBXSourcesBuildPhase;
			buildActionMask = 2147483647;
			files = (
				9F45CDA3235C294500CE24F4 /* NotificationController.swift in Sources */,
				9F45CDA1235C294500CE24F4 /* ExtensionDelegate.swift in Sources */,
				9F45CD9F235C294500CE24F4 /* InterfaceController.swift in Sources */,
			);
			runOnlyForDeploymentPostprocessing = 0;
		};
/* End PBXSourcesBuildPhase section */

/* Begin PBXTargetDependency section */
		9F45CD83235C294400CE24F4 /* PBXTargetDependency */ = {
			isa = PBXTargetDependency;
			target = 9F45CD6A235C294100CE24F4 /* BLEWatchApp */;
			targetProxy = 9F45CD82235C294400CE24F4 /* PBXContainerItemProxy */;
		};
		9F45CD8D235C294400CE24F4 /* PBXTargetDependency */ = {
			isa = PBXTargetDependency;
			target = 9F45CD89235C294400CE24F4 /* BLEWatchApp WatchKit App */;
			targetProxy = 9F45CD8C235C294400CE24F4 /* PBXContainerItemProxy */;
		};
		9F45CD9C235C294500CE24F4 /* PBXTargetDependency */ = {
			isa = PBXTargetDependency;
			target = 9F45CD98235C294500CE24F4 /* BLEWatchApp WatchKit Extension */;
			targetProxy = 9F45CD9B235C294500CE24F4 /* PBXContainerItemProxy */;
		};
/* End PBXTargetDependency section */

/* Begin PBXVariantGroup section */
		9F45CD74235C294100CE24F4 /* Main.storyboard */ = {
			isa = PBXVariantGroup;
			children = (
				9F45CD75235C294100CE24F4 /* Base */,
			);
			name = Main.storyboard;
			sourceTree = "<group>";
		};
		9F45CD79235C294400CE24F4 /* LaunchScreen.storyboard */ = {
			isa = PBXVariantGroup;
			children = (
				9F45CD7A235C294400CE24F4 /* Base */,
			);
			name = LaunchScreen.storyboard;
			sourceTree = "<group>";
		};
		9F45CD8F235C294400CE24F4 /* Interface.storyboard */ = {
			isa = PBXVariantGroup;
			children = (
				9F45CD90235C294400CE24F4 /* Base */,
			);
			name = Interface.storyboard;
			sourceTree = "<group>";
		};
/* End PBXVariantGroup section */

/* Begin XCBuildConfiguration section */
		9F45CDA8235C294700CE24F4 /* Debug */ = {
			isa = XCBuildConfiguration;
			buildSettings = {
				ALWAYS_SEARCH_USER_PATHS = NO;
				CLANG_ANALYZER_NONNULL = YES;
				CLANG_ANALYZER_NUMBER_OBJECT_CONVERSION = YES_AGGRESSIVE;
				CLANG_CXX_LANGUAGE_STANDARD = "gnu++14";
				CLANG_CXX_LIBRARY = "libc++";
				CLANG_ENABLE_MODULES = YES;
				CLANG_ENABLE_OBJC_ARC = YES;
				CLANG_ENABLE_OBJC_WEAK = YES;
				CLANG_WARN_BLOCK_CAPTURE_AUTORELEASING = YES;
				CLANG_WARN_BOOL_CONVERSION = YES;
				CLANG_WARN_COMMA = YES;
				CLANG_WARN_CONSTANT_CONVERSION = YES;
				CLANG_WARN_DEPRECATED_OBJC_IMPLEMENTATIONS = YES;
				CLANG_WARN_DIRECT_OBJC_ISA_USAGE = YES_ERROR;
				CLANG_WARN_DOCUMENTATION_COMMENTS = YES;
				CLANG_WARN_EMPTY_BODY = YES;
				CLANG_WARN_ENUM_CONVERSION = YES;
				CLANG_WARN_INFINITE_RECURSION = YES;
				CLANG_WARN_INT_CONVERSION = YES;
				CLANG_WARN_NON_LITERAL_NULL_CONVERSION = YES;
				CLANG_WARN_OBJC_IMPLICIT_RETAIN_SELF = YES;
				CLANG_WARN_OBJC_LITERAL_CONVERSION = YES;
				CLANG_WARN_OBJC_ROOT_CLASS = YES_ERROR;
				CLANG_WARN_RANGE_LOOP_ANALYSIS = YES;
				CLANG_WARN_STRICT_PROTOTYPES = YES;
				CLANG_WARN_SUSPICIOUS_MOVE = YES;
				CLANG_WARN_UNGUARDED_AVAILABILITY = YES_AGGRESSIVE;
				CLANG_WARN_UNREACHABLE_CODE = YES;
				CLANG_WARN__DUPLICATE_METHOD_MATCH = YES;
				COPY_PHASE_STRIP = NO;
				DEBUG_INFORMATION_FORMAT = dwarf;
				ENABLE_STRICT_OBJC_MSGSEND = YES;
				ENABLE_TESTABILITY = YES;
				GCC_C_LANGUAGE_STANDARD = gnu11;
				GCC_DYNAMIC_NO_PIC = NO;
				GCC_NO_COMMON_BLOCKS = YES;
				GCC_OPTIMIZATION_LEVEL = 0;
				GCC_PREPROCESSOR_DEFINITIONS = (
					"DEBUG=1",
					"$(inherited)",
				);
				GCC_WARN_64_TO_32_BIT_CONVERSION = YES;
				GCC_WARN_ABOUT_RETURN_TYPE = YES_ERROR;
				GCC_WARN_UNDECLARED_SELECTOR = YES;
				GCC_WARN_UNINITIALIZED_AUTOS = YES_AGGRESSIVE;
				GCC_WARN_UNUSED_FUNCTION = YES;
				GCC_WARN_UNUSED_VARIABLE = YES;
				IPHONEOS_DEPLOYMENT_TARGET = 13.0;
				MTL_ENABLE_DEBUG_INFO = INCLUDE_SOURCE;
				MTL_FAST_MATH = YES;
				ONLY_ACTIVE_ARCH = YES;
				SDKROOT = iphoneos;
				SWIFT_ACTIVE_COMPILATION_CONDITIONS = DEBUG;
				SWIFT_OPTIMIZATION_LEVEL = "-Onone";
			};
			name = Debug;
		};
		9F45CDA9235C294700CE24F4 /* Release */ = {
			isa = XCBuildConfiguration;
			buildSettings = {
				ALWAYS_SEARCH_USER_PATHS = NO;
				CLANG_ANALYZER_NONNULL = YES;
				CLANG_ANALYZER_NUMBER_OBJECT_CONVERSION = YES_AGGRESSIVE;
				CLANG_CXX_LANGUAGE_STANDARD = "gnu++14";
				CLANG_CXX_LIBRARY = "libc++";
				CLANG_ENABLE_MODULES = YES;
				CLANG_ENABLE_OBJC_ARC = YES;
				CLANG_ENABLE_OBJC_WEAK = YES;
				CLANG_WARN_BLOCK_CAPTURE_AUTORELEASING = YES;
				CLANG_WARN_BOOL_CONVERSION = YES;
				CLANG_WARN_COMMA = YES;
				CLANG_WARN_CONSTANT_CONVERSION = YES;
				CLANG_WARN_DEPRECATED_OBJC_IMPLEMENTATIONS = YES;
				CLANG_WARN_DIRECT_OBJC_ISA_USAGE = YES_ERROR;
				CLANG_WARN_DOCUMENTATION_COMMENTS = YES;
				CLANG_WARN_EMPTY_BODY = YES;
				CLANG_WARN_ENUM_CONVERSION = YES;
				CLANG_WARN_INFINITE_RECURSION = YES;
				CLANG_WARN_INT_CONVERSION = YES;
				CLANG_WARN_NON_LITERAL_NULL_CONVERSION = YES;
				CLANG_WARN_OBJC_IMPLICIT_RETAIN_SELF = YES;
				CLANG_WARN_OBJC_LITERAL_CONVERSION = YES;
				CLANG_WARN_OBJC_ROOT_CLASS = YES_ERROR;
				CLANG_WARN_RANGE_LOOP_ANALYSIS = YES;
				CLANG_WARN_STRICT_PROTOTYPES = YES;
				CLANG_WARN_SUSPICIOUS_MOVE = YES;
				CLANG_WARN_UNGUARDED_AVAILABILITY = YES_AGGRESSIVE;
				CLANG_WARN_UNREACHABLE_CODE = YES;
				CLANG_WARN__DUPLICATE_METHOD_MATCH = YES;
				COPY_PHASE_STRIP = NO;
				DEBUG_INFORMATION_FORMAT = "dwarf-with-dsym";
				ENABLE_NS_ASSERTIONS = NO;
				ENABLE_STRICT_OBJC_MSGSEND = YES;
				GCC_C_LANGUAGE_STANDARD = gnu11;
				GCC_NO_COMMON_BLOCKS = YES;
				GCC_WARN_64_TO_32_BIT_CONVERSION = YES;
				GCC_WARN_ABOUT_RETURN_TYPE = YES_ERROR;
				GCC_WARN_UNDECLARED_SELECTOR = YES;
				GCC_WARN_UNINITIALIZED_AUTOS = YES_AGGRESSIVE;
				GCC_WARN_UNUSED_FUNCTION = YES;
				GCC_WARN_UNUSED_VARIABLE = YES;
				IPHONEOS_DEPLOYMENT_TARGET = 13.0;
				MTL_ENABLE_DEBUG_INFO = NO;
				MTL_FAST_MATH = YES;
				SDKROOT = iphoneos;
				SWIFT_COMPILATION_MODE = wholemodule;
				SWIFT_OPTIMIZATION_LEVEL = "-O";
				VALIDATE_PRODUCT = YES;
			};
			name = Release;
		};
		9F45CDAB235C294700CE24F4 /* Debug */ = {
			isa = XCBuildConfiguration;
			buildSettings = {
				ASSETCATALOG_COMPILER_COMPLICATION_NAME = Complication;
				CODE_SIGN_STYLE = Automatic;
				DEVELOPMENT_TEAM = 7M5LAPA88L;
				INFOPLIST_FILE = "BLEWatchApp WatchKit Extension/Info.plist";
				LD_RUNPATH_SEARCH_PATHS = (
					"$(inherited)",
					"@executable_path/Frameworks",
					"@executable_path/../../Frameworks",
				);
				PRODUCT_BUNDLE_IDENTIFIER = "com.Raj-SelfLearning.BLEWatchApp.watchkitapp.watchkitextension";
				PRODUCT_NAME = "${TARGET_NAME}";
				SDKROOT = watchos;
				SKIP_INSTALL = YES;
				SWIFT_VERSION = 5.0;
				TARGETED_DEVICE_FAMILY = 4;
				WATCHOS_DEPLOYMENT_TARGET = 6.0;
			};
			name = Debug;
		};
		9F45CDAC235C294700CE24F4 /* Release */ = {
			isa = XCBuildConfiguration;
			buildSettings = {
				ASSETCATALOG_COMPILER_COMPLICATION_NAME = Complication;
				CODE_SIGN_STYLE = Automatic;
				DEVELOPMENT_TEAM = 7M5LAPA88L;
				INFOPLIST_FILE = "BLEWatchApp WatchKit Extension/Info.plist";
				LD_RUNPATH_SEARCH_PATHS = (
					"$(inherited)",
					"@executable_path/Frameworks",
					"@executable_path/../../Frameworks",
				);
				PRODUCT_BUNDLE_IDENTIFIER = "com.Raj-SelfLearning.BLEWatchApp.watchkitapp.watchkitextension";
				PRODUCT_NAME = "${TARGET_NAME}";
				SDKROOT = watchos;
				SKIP_INSTALL = YES;
				SWIFT_VERSION = 5.0;
				TARGETED_DEVICE_FAMILY = 4;
				WATCHOS_DEPLOYMENT_TARGET = 6.0;
			};
			name = Release;
		};
		9F45CDAF235C294700CE24F4 /* Debug */ = {
			isa = XCBuildConfiguration;
			buildSettings = {
				ALWAYS_EMBED_SWIFT_STANDARD_LIBRARIES = YES;
				ASSETCATALOG_COMPILER_APPICON_NAME = AppIcon;
				CODE_SIGN_STYLE = Automatic;
				DEVELOPMENT_TEAM = 7M5LAPA88L;
				IBSC_MODULE = BLEWatchApp_WatchKit_Extension;
				INFOPLIST_FILE = "BLEWatchApp WatchKit App/Info.plist";
				PRODUCT_BUNDLE_IDENTIFIER = "com.Raj-SelfLearning.BLEWatchApp.watchkitapp";
				PRODUCT_NAME = "$(TARGET_NAME)";
				SDKROOT = watchos;
				SKIP_INSTALL = YES;
				SWIFT_VERSION = 5.0;
				TARGETED_DEVICE_FAMILY = 4;
				WATCHOS_DEPLOYMENT_TARGET = 6.0;
			};
			name = Debug;
		};
		9F45CDB0235C294700CE24F4 /* Release */ = {
			isa = XCBuildConfiguration;
			buildSettings = {
				ALWAYS_EMBED_SWIFT_STANDARD_LIBRARIES = YES;
				ASSETCATALOG_COMPILER_APPICON_NAME = AppIcon;
				CODE_SIGN_STYLE = Automatic;
				DEVELOPMENT_TEAM = 7M5LAPA88L;
				IBSC_MODULE = BLEWatchApp_WatchKit_Extension;
				INFOPLIST_FILE = "BLEWatchApp WatchKit App/Info.plist";
				PRODUCT_BUNDLE_IDENTIFIER = "com.Raj-SelfLearning.BLEWatchApp.watchkitapp";
				PRODUCT_NAME = "$(TARGET_NAME)";
				SDKROOT = watchos;
				SKIP_INSTALL = YES;
				SWIFT_VERSION = 5.0;
				TARGETED_DEVICE_FAMILY = 4;
				WATCHOS_DEPLOYMENT_TARGET = 6.0;
			};
			name = Release;
		};
		9F45CDB3235C294700CE24F4 /* Debug */ = {
			isa = XCBuildConfiguration;
			buildSettings = {
				ASSETCATALOG_COMPILER_APPICON_NAME = AppIcon;
				CODE_SIGN_STYLE = Automatic;
				DEVELOPMENT_TEAM = 7M5LAPA88L;
				INFOPLIST_FILE = BLEWatchApp/Info.plist;
				LD_RUNPATH_SEARCH_PATHS = (
					"$(inherited)",
					"@executable_path/Frameworks",
				);
				PRODUCT_BUNDLE_IDENTIFIER = "com.Raj-SelfLearning.BLEWatchApp";
				PRODUCT_NAME = "$(TARGET_NAME)";
				SWIFT_VERSION = 5.0;
				TARGETED_DEVICE_FAMILY = "1,2";
			};
			name = Debug;
		};
		9F45CDB4235C294700CE24F4 /* Release */ = {
			isa = XCBuildConfiguration;
			buildSettings = {
				ASSETCATALOG_COMPILER_APPICON_NAME = AppIcon;
				CODE_SIGN_STYLE = Automatic;
				DEVELOPMENT_TEAM = 7M5LAPA88L;
				INFOPLIST_FILE = BLEWatchApp/Info.plist;
				LD_RUNPATH_SEARCH_PATHS = (
					"$(inherited)",
					"@executable_path/Frameworks",
				);
				PRODUCT_BUNDLE_IDENTIFIER = "com.Raj-SelfLearning.BLEWatchApp";
				PRODUCT_NAME = "$(TARGET_NAME)";
				SWIFT_VERSION = 5.0;
				TARGETED_DEVICE_FAMILY = "1,2";
			};
			name = Release;
		};
		9F45CDB6235C294700CE24F4 /* Debug */ = {
			isa = XCBuildConfiguration;
			buildSettings = {
				ALWAYS_EMBED_SWIFT_STANDARD_LIBRARIES = YES;
				BUNDLE_LOADER = "$(TEST_HOST)";
				CODE_SIGN_STYLE = Automatic;
				DEVELOPMENT_TEAM = 7M5LAPA88L;
				INFOPLIST_FILE = BLEWatchAppTests/Info.plist;
				IPHONEOS_DEPLOYMENT_TARGET = 13.0;
				LD_RUNPATH_SEARCH_PATHS = (
					"$(inherited)",
					"@executable_path/Frameworks",
					"@loader_path/Frameworks",
				);
				PRODUCT_BUNDLE_IDENTIFIER = "com.Raj-SelfLearning.BLEWatchAppTests";
				PRODUCT_NAME = "$(TARGET_NAME)";
				SWIFT_VERSION = 5.0;
				TARGETED_DEVICE_FAMILY = "1,2";
				TEST_HOST = "$(BUILT_PRODUCTS_DIR)/BLEWatchApp.app/BLEWatchApp";
			};
			name = Debug;
		};
		9F45CDB7235C294700CE24F4 /* Release */ = {
			isa = XCBuildConfiguration;
			buildSettings = {
				ALWAYS_EMBED_SWIFT_STANDARD_LIBRARIES = YES;
				BUNDLE_LOADER = "$(TEST_HOST)";
				CODE_SIGN_STYLE = Automatic;
				DEVELOPMENT_TEAM = 7M5LAPA88L;
				INFOPLIST_FILE = BLEWatchAppTests/Info.plist;
				IPHONEOS_DEPLOYMENT_TARGET = 13.0;
				LD_RUNPATH_SEARCH_PATHS = (
					"$(inherited)",
					"@executable_path/Frameworks",
					"@loader_path/Frameworks",
				);
				PRODUCT_BUNDLE_IDENTIFIER = "com.Raj-SelfLearning.BLEWatchAppTests";
				PRODUCT_NAME = "$(TARGET_NAME)";
				SWIFT_VERSION = 5.0;
				TARGETED_DEVICE_FAMILY = "1,2";
				TEST_HOST = "$(BUILT_PRODUCTS_DIR)/BLEWatchApp.app/BLEWatchApp";
			};
			name = Release;
		};
/* End XCBuildConfiguration section */

/* Begin XCConfigurationList section */
		9F45CD66235C294100CE24F4 /* Build configuration list for PBXProject "BLEWatchApp" */ = {
			isa = XCConfigurationList;
			buildConfigurations = (
				9F45CDA8235C294700CE24F4 /* Debug */,
				9F45CDA9235C294700CE24F4 /* Release */,
			);
			defaultConfigurationIsVisible = 0;
			defaultConfigurationName = Release;
		};
		9F45CDAA235C294700CE24F4 /* Build configuration list for PBXNativeTarget "BLEWatchApp WatchKit Extension" */ = {
			isa = XCConfigurationList;
			buildConfigurations = (
				9F45CDAB235C294700CE24F4 /* Debug */,
				9F45CDAC235C294700CE24F4 /* Release */,
			);
			defaultConfigurationIsVisible = 0;
			defaultConfigurationName = Release;
		};
		9F45CDAE235C294700CE24F4 /* Build configuration list for PBXNativeTarget "BLEWatchApp WatchKit App" */ = {
			isa = XCConfigurationList;
			buildConfigurations = (
				9F45CDAF235C294700CE24F4 /* Debug */,
				9F45CDB0235C294700CE24F4 /* Release */,
			);
			defaultConfigurationIsVisible = 0;
			defaultConfigurationName = Release;
		};
		9F45CDB2235C294700CE24F4 /* Build configuration list for PBXNativeTarget "BLEWatchApp" */ = {
			isa = XCConfigurationList;
			buildConfigurations = (
				9F45CDB3235C294700CE24F4 /* Debug */,
				9F45CDB4235C294700CE24F4 /* Release */,
			);
			defaultConfigurationIsVisible = 0;
			defaultConfigurationName = Release;
		};
		9F45CDB5235C294700CE24F4 /* Build configuration list for PBXNativeTarget "BLEWatchAppTests" */ = {
			isa = XCConfigurationList;
			buildConfigurations = (
				9F45CDB6235C294700CE24F4 /* Debug */,
				9F45CDB7235C294700CE24F4 /* Release */,
			);
			defaultConfigurationIsVisible = 0;
			defaultConfigurationName = Release;
		};
/* End XCConfigurationList section */
	};
	rootObject = 9F45CD63235C294100CE24F4 /* Project object */;
}
